
Microsoft Visual Studio Solution File, Format Version 12.00
# Visual Studio Version 16
VisualStudioVersion = 25.0.1700.0
MinimumVisualStudioVersion = 10.0.40219.1
Project("{FAE04EC0-301F-11D3-BF4B-00C04F79EFBC}") = "nis-front-razer", "nis-front-razer.csproj", "{63E26DD8-4EAC-4B7B-8141-360E56802B7F}"
EndProject
Global
	GlobalSection(SolutionConfigurationPlatforms) = preSolution
		Debug|Any CPU = Debug|Any CPU
		Release|Any CPU = Release|Any CPU
	EndGlobalSection
	GlobalSection(ProjectConfigurationPlatforms) = postSolution
		{63E26DD8-4EAC-4B7B-8141-360E56802B7F}.Debug|Any CPU.ActiveCfg = Debug|Any CPU
		{63E26DD8-4EAC-4B7B-8141-360E56802B7F}.Debug|Any CPU.Build.0 = Debug|Any CPU
		{63E26DD8-4EAC-4B7B-8141-360E56802B7F}.Release|Any CPU.ActiveCfg = Release|Any CPU
		{63E26DD8-4EAC-4B7B-8141-360E56802B7F}.Release|Any CPU.Build.0 = Release|Any CPU
	EndGlobalSection
	GlobalSection(SolutionProperties) = preSolution
		HideSolutionNode = FALSE
	EndGlobalSection
	GlobalSection(ExtensibilityGlobals) = postSolution
		SolutionGuid = {EDE953DC-56D1-4E1C-B871-736DE398B18B}
	EndGlobalSection
EndGlobal
